// !$*UTF8*$!
{
	archiveVersion = 1;
	classes = {
	};
	objectVersion = 56;
	objects = {

/* Begin PBXBuildFile section */
		ED186F0C28E0179600A355CD /* AppDelegate.swift in Sources */ = {isa = PBXBuildFile; fileRef = ED186F0B28E0179600A355CD /* AppDelegate.swift */; };
		ED186F0E28E0179600A355CD /* SceneDelegate.swift in Sources */ = {isa = PBXBuildFile; fileRef = ED186F0D28E0179600A355CD /* SceneDelegate.swift */; };
		ED186F1028E0179600A355CD /* ViewController.swift in Sources */ = {isa = PBXBuildFile; fileRef = ED186F0F28E0179600A355CD /* ViewController.swift */; };
		ED186F1328E0179600A355CD /* Main.storyboard in Resources */ = {isa = PBXBuildFile; fileRef = ED186F1128E0179600A355CD /* Main.storyboard */; };
		ED186F1528E0179800A355CD /* Assets.xcassets in Resources */ = {isa = PBXBuildFile; fileRef = ED186F1428E0179800A355CD /* Assets.xcassets */; };
		ED186F1828E0179800A355CD /* LaunchScreen.storyboard in Resources */ = {isa = PBXBuildFile; fileRef = ED186F1628E0179800A355CD /* LaunchScreen.storyboard */; };
		ED186F2328E0179900A355CD /* interfaz_foot4allTests.swift in Sources */ = {isa = PBXBuildFile; fileRef = ED186F2228E0179900A355CD /* interfaz_foot4allTests.swift */; };
		ED186F2D28E0179900A355CD /* interfaz_foot4allUITests.swift in Sources */ = {isa = PBXBuildFile; fileRef = ED186F2C28E0179900A355CD /* interfaz_foot4allUITests.swift */; };
		ED186F2F28E0179900A355CD /* interfaz_foot4allUITestsLaunchTests.swift in Sources */ = {isa = PBXBuildFile; fileRef = ED186F2E28E0179900A355CD /* interfaz_foot4allUITestsLaunchTests.swift */; };
/* End PBXBuildFile section */

/* Begin PBXContainerItemProxy section */
		ED186F1F28E0179900A355CD /* PBXContainerItemProxy */ = {
			isa = PBXContainerItemProxy;
			containerPortal = ED186F0028E0179600A355CD /* Project object */;
			proxyType = 1;
			remoteGlobalIDString = ED186F0728E0179600A355CD;
			remoteInfo = interfaz_foot4all;
		};
		ED186F2928E0179900A355CD /* PBXContainerItemProxy */ = {
			isa = PBXContainerItemProxy;
			containerPortal = ED186F0028E0179600A355CD /* Project object */;
			proxyType = 1;
			remoteGlobalIDString = ED186F0728E0179600A355CD;
			remoteInfo = interfaz_foot4all;
		};
/* End PBXContainerItemProxy section */

/* Begin PBXFileReference section */
		ED186F0828E0179600A355CD /* interfaz_foot4all.app */ = {isa = PBXFileReference; explicitFileType = wrapper.application; includeInIndex = 0; path = interfaz_foot4all.app; sourceTree = BUILT_PRODUCTS_DIR; };
		ED186F0B28E0179600A355CD /* AppDelegate.swift */ = {isa = PBXFileReference; lastKnownFileType = sourcecode.swift; path = AppDelegate.swift; sourceTree = "<group>"; };
		ED186F0D28E0179600A355CD /* SceneDelegate.swift */ = {isa = PBXFileReference; lastKnownFileType = sourcecode.swift; path = SceneDelegate.swift; sourceTree = "<group>"; };
		ED186F0F28E0179600A355CD /* ViewController.swift */ = {isa = PBXFileReference; lastKnownFileType = sourcecode.swift; path = ViewController.swift; sourceTree = "<group>"; };
		ED186F1228E0179600A355CD /* Base */ = {isa = PBXFileReference; lastKnownFileType = file.storyboard; name = Base; path = Base.lproj/Main.storyboard; sourceTree = "<group>"; };
		ED186F1428E0179800A355CD /* Assets.xcassets */ = {isa = PBXFileReference; lastKnownFileType = folder.assetcatalog; path = Assets.xcassets; sourceTree = "<group>"; };
		ED186F1728E0179800A355CD /* Base */ = {isa = PBXFileReference; lastKnownFileType = file.storyboard; name = Base; path = Base.lproj/LaunchScreen.storyboard; sourceTree = "<group>"; };
		ED186F1928E0179800A355CD /* Info.plist */ = {isa = PBXFileReference; lastKnownFileType = text.plist.xml; path = Info.plist; sourceTree = "<group>"; };
		ED186F1E28E0179900A355CD /* interfaz_foot4allTests.xctest */ = {isa = PBXFileReference; explicitFileType = wrapper.cfbundle; includeInIndex = 0; path = interfaz_foot4allTests.xctest; sourceTree = BUILT_PRODUCTS_DIR; };
		ED186F2228E0179900A355CD /* interfaz_foot4allTests.swift */ = {isa = PBXFileReference; lastKnownFileType = sourcecode.swift; path = interfaz_foot4allTests.swift; sourceTree = "<group>"; };
		ED186F2828E0179900A355CD /* interfaz_foot4allUITests.xctest */ = {isa = PBXFileReference; explicitFileType = wrapper.cfbundle; includeInIndex = 0; path = interfaz_foot4allUITests.xctest; sourceTree = BUILT_PRODUCTS_DIR; };
		ED186F2C28E0179900A355CD /* interfaz_foot4allUITests.swift */ = {isa = PBXFileReference; lastKnownFileType = sourcecode.swift; path = interfaz_foot4allUITests.swift; sourceTree = "<group>"; };
		ED186F2E28E0179900A355CD /* interfaz_foot4allUITestsLaunchTests.swift */ = {isa = PBXFileReference; lastKnownFileType = sourcecode.swift; path = interfaz_foot4allUITestsLaunchTests.swift; sourceTree = "<group>"; };
/* End PBXFileReference section */

/* Begin PBXFrameworksBuildPhase section */
		ED186F0528E0179600A355CD /* Frameworks */ = {
			isa = PBXFrameworksBuildPhase;
			buildActionMask = 2147483647;
			files = (
			);
			runOnlyForDeploymentPostprocessing = 0;
		};
		ED186F1B28E0179900A355CD /* Frameworks */ = {
			isa = PBXFrameworksBuildPhase;
			buildActionMask = 2147483647;
			files = (
			);
			runOnlyForDeploymentPostprocessing = 0;
		};
		ED186F2528E0179900A355CD /* Frameworks */ = {
			isa = PBXFrameworksBuildPhase;
			buildActionMask = 2147483647;
			files = (
			);
			runOnlyForDeploymentPostprocessing = 0;
		};
/* End PBXFrameworksBuildPhase section */

/* Begin PBXGroup section */
		ED186EFF28E0179600A355CD = {
			isa = PBXGroup;
			children = (
				ED186F0A28E0179600A355CD /* interfaz_foot4all */,
				ED186F2128E0179900A355CD /* interfaz_foot4allTests */,
				ED186F2B28E0179900A355CD /* interfaz_foot4allUITests */,
				ED186F0928E0179600A355CD /* Products */,
			);
			sourceTree = "<group>";
		};
		ED186F0928E0179600A355CD /* Products */ = {
			isa = PBXGroup;
			children = (
				ED186F0828E0179600A355CD /* interfaz_foot4all.app */,
				ED186F1E28E0179900A355CD /* interfaz_foot4allTests.xctest */,
				ED186F2828E0179900A355CD /* interfaz_foot4allUITests.xctest */,
			);
			name = Products;
			sourceTree = "<group>";
		};
		ED186F0A28E0179600A355CD /* interfaz_foot4all */ = {
			isa = PBXGroup;
			children = (
				ED186F0B28E0179600A355CD /* AppDelegate.swift */,
				ED186F0D28E0179600A355CD /* SceneDelegate.swift */,
				ED186F0F28E0179600A355CD /* ViewController.swift */,
				ED186F1128E0179600A355CD /* Main.storyboard */,
				ED186F1428E0179800A355CD /* Assets.xcassets */,
				ED186F1628E0179800A355CD /* LaunchScreen.storyboard */,
				ED186F1928E0179800A355CD /* Info.plist */,
			);
			path = interfaz_foot4all;
			sourceTree = "<group>";
		};
		ED186F2128E0179900A355CD /* interfaz_foot4allTests */ = {
			isa = PBXGroup;
			children = (
				ED186F2228E0179900A355CD /* interfaz_foot4allTests.swift */,
			);
			path = interfaz_foot4allTests;
			sourceTree = "<group>";
		};
		ED186F2B28E0179900A355CD /* interfaz_foot4allUITests */ = {
			isa = PBXGroup;
			children = (
				ED186F2C28E0179900A355CD /* interfaz_foot4allUITests.swift */,
				ED186F2E28E0179900A355CD /* interfaz_foot4allUITestsLaunchTests.swift */,
			);
			path = interfaz_foot4allUITests;
			sourceTree = "<group>";
		};
/* End PBXGroup section */

/* Begin PBXNativeTarget section */
		ED186F0728E0179600A355CD /* interfaz_foot4all */ = {
			isa = PBXNativeTarget;
			buildConfigurationList = ED186F3228E0179900A355CD /* Build configuration list for PBXNativeTarget "interfaz_foot4all" */;
			buildPhases = (
				ED186F0428E0179600A355CD /* Sources */,
				ED186F0528E0179600A355CD /* Frameworks */,
				ED186F0628E0179600A355CD /* Resources */,
			);
			buildRules = (
			);
			dependencies = (
			);
			name = interfaz_foot4all;
			productName = interfaz_foot4all;
			productReference = ED186F0828E0179600A355CD /* interfaz_foot4all.app */;
			productType = "com.apple.product-type.application";
		};
		ED186F1D28E0179900A355CD /* interfaz_foot4allTests */ = {
			isa = PBXNativeTarget;
			buildConfigurationList = ED186F3528E0179900A355CD /* Build configuration list for PBXNativeTarget "interfaz_foot4allTests" */;
			buildPhases = (
				ED186F1A28E0179900A355CD /* Sources */,
				ED186F1B28E0179900A355CD /* Frameworks */,
				ED186F1C28E0179900A355CD /* Resources */,
			);
			buildRules = (
			);
			dependencies = (
				ED186F2028E0179900A355CD /* PBXTargetDependency */,
			);
			name = interfaz_foot4allTests;
			productName = interfaz_foot4allTests;
			productReference = ED186F1E28E0179900A355CD /* interfaz_foot4allTests.xctest */;
			productType = "com.apple.product-type.bundle.unit-test";
		};
		ED186F2728E0179900A355CD /* interfaz_foot4allUITests */ = {
			isa = PBXNativeTarget;
			buildConfigurationList = ED186F3828E0179900A355CD /* Build configuration list for PBXNativeTarget "interfaz_foot4allUITests" */;
			buildPhases = (
				ED186F2428E0179900A355CD /* Sources */,
				ED186F2528E0179900A355CD /* Frameworks */,
				ED186F2628E0179900A355CD /* Resources */,
			);
			buildRules = (
			);
			dependencies = (
				ED186F2A28E0179900A355CD /* PBXTargetDependency */,
			);
			name = interfaz_foot4allUITests;
			productName = interfaz_foot4allUITests;
			productReference = ED186F2828E0179900A355CD /* interfaz_foot4allUITests.xctest */;
			productType = "com.apple.product-type.bundle.ui-testing";
		};
/* End PBXNativeTarget section */

/* Begin PBXProject section */
		ED186F0028E0179600A355CD /* Project object */ = {
			isa = PBXProject;
			attributes = {
				BuildIndependentTargetsInParallel = 1;
				LastSwiftUpdateCheck = 1400;
				LastUpgradeCheck = 1400;
				TargetAttributes = {
					ED186F0728E0179600A355CD = {
						CreatedOnToolsVersion = 14.0;
					};
					ED186F1D28E0179900A355CD = {
						CreatedOnToolsVersion = 14.0;
						TestTargetID = ED186F0728E0179600A355CD;
					};
					ED186F2728E0179900A355CD = {
						CreatedOnToolsVersion = 14.0;
						TestTargetID = ED186F0728E0179600A355CD;
					};
				};
			};
			buildConfigurationList = ED186F0328E0179600A355CD /* Build configuration list for PBXProject "interfaz_foot4all" */;
			compatibilityVersion = "Xcode 14.0";
			developmentRegion = en;
			hasScannedForEncodings = 0;
			knownRegions = (
				en,
				Base,
			);
			mainGroup = ED186EFF28E0179600A355CD;
			productRefGroup = ED186F0928E0179600A355CD /* Products */;
			projectDirPath = "";
			projectRoot = "";
			targets = (
				ED186F0728E0179600A355CD /* interfaz_foot4all */,
				ED186F1D28E0179900A355CD /* interfaz_foot4allTests */,
				ED186F2728E0179900A355CD /* interfaz_foot4allUITests */,
			);
		};
/* End PBXProject section */

/* Begin PBXResourcesBuildPhase section */
		ED186F0628E0179600A355CD /* Resources */ = {
			isa = PBXResourcesBuildPhase;
			buildActionMask = 2147483647;
			files = (
				ED186F1828E0179800A355CD /* LaunchScreen.storyboard in Resources */,
				ED186F1528E0179800A355CD /* Assets.xcassets in Resources */,
				ED186F1328E0179600A355CD /* Main.storyboard in Resources */,
			);
			runOnlyForDeploymentPostprocessing = 0;
		};
		ED186F1C28E0179900A355CD /* Resources */ = {
			isa = PBXResourcesBuildPhase;
			buildActionMask = 2147483647;
			files = (
			);
			runOnlyForDeploymentPostprocessing = 0;
		};
		ED186F2628E0179900A355CD /* Resources */ = {
			isa = PBXResourcesBuildPhase;
			buildActionMask = 2147483647;
			files = (
			);
			runOnlyForDeploymentPostprocessing = 0;
		};
/* End PBXResourcesBuildPhase section */

/* Begin PBXSourcesBuildPhase section */
		ED186F0428E0179600A355CD /* Sources */ = {
			isa = PBXSourcesBuildPhase;
			buildActionMask = 2147483647;
			files = (
				ED186F1028E0179600A355CD /* ViewController.swift in Sources */,
				ED186F0C28E0179600A355CD /* AppDelegate.swift in Sources */,
				ED186F0E28E0179600A355CD /* SceneDelegate.swift in Sources */,
			);
			runOnlyForDeploymentPostprocessing = 0;
		};
		ED186F1A28E0179900A355CD /* Sources */ = {
			isa = PBXSourcesBuildPhase;
			buildActionMask = 2147483647;
			files = (
				ED186F2328E0179900A355CD /* interfaz_foot4allTests.swift in Sources */,
			);
			runOnlyForDeploymentPostprocessing = 0;
		};
		ED186F2428E0179900A355CD /* Sources */ = {
			isa = PBXSourcesBuildPhase;
			buildActionMask = 2147483647;
			files = (
				ED186F2F28E0179900A355CD /* interfaz_foot4allUITestsLaunchTests.swift in Sources */,
				ED186F2D28E0179900A355CD /* interfaz_foot4allUITests.swift in Sources */,
			);
			runOnlyForDeploymentPostprocessing = 0;
		};
/* End PBXSourcesBuildPhase section */

/* Begin PBXTargetDependency section */
		ED186F2028E0179900A355CD /* PBXTargetDependency */ = {
			isa = PBXTargetDependency;
			target = ED186F0728E0179600A355CD /* interfaz_foot4all */;
			targetProxy = ED186F1F28E0179900A355CD /* PBXContainerItemProxy */;
		};
		ED186F2A28E0179900A355CD /* PBXTargetDependency */ = {
			isa = PBXTargetDependency;
			target = ED186F0728E0179600A355CD /* interfaz_foot4all */;
			targetProxy = ED186F2928E0179900A355CD /* PBXContainerItemProxy */;
		};
/* End PBXTargetDependency section */

/* Begin PBXVariantGroup section */
		ED186F1128E0179600A355CD /* Main.storyboard */ = {
			isa = PBXVariantGroup;
			children = (
				ED186F1228E0179600A355CD /* Base */,
			);
			name = Main.storyboard;
			sourceTree = "<group>";
		};
		ED186F1628E0179800A355CD /* LaunchScreen.storyboard */ = {
			isa = PBXVariantGroup;
			children = (
				ED186F1728E0179800A355CD /* Base */,
			);
			name = LaunchScreen.storyboard;
			sourceTree = "<group>";
		};
/* End PBXVariantGroup section */

/* Begin XCBuildConfiguration section */
		ED186F3028E0179900A355CD /* Debug */ = {
			isa = XCBuildConfiguration;
			buildSettings = {
				ALWAYS_SEARCH_USER_PATHS = NO;
				CLANG_ANALYZER_NONNULL = YES;
				CLANG_ANALYZER_NUMBER_OBJECT_CONVERSION = YES_AGGRESSIVE;
				CLANG_CXX_LANGUAGE_STANDARD = "gnu++20";
				CLANG_ENABLE_MODULES = YES;
				CLANG_ENABLE_OBJC_ARC = YES;
				CLANG_ENABLE_OBJC_WEAK = YES;
				CLANG_WARN_BLOCK_CAPTURE_AUTORELEASING = YES;
				CLANG_WARN_BOOL_CONVERSION = YES;
				CLANG_WARN_COMMA = YES;
				CLANG_WARN_CONSTANT_CONVERSION = YES;
				CLANG_WARN_DEPRECATED_OBJC_IMPLEMENTATIONS = YES;
				CLANG_WARN_DIRECT_OBJC_ISA_USAGE = YES_ERROR;
				CLANG_WARN_DOCUMENTATION_COMMENTS = YES;
				CLANG_WARN_EMPTY_BODY = YES;
				CLANG_WARN_ENUM_CONVERSION = YES;
				CLANG_WARN_INFINITE_RECURSION = YES;
				CLANG_WARN_INT_CONVERSION = YES;
				CLANG_WARN_NON_LITERAL_NULL_CONVERSION = YES;
				CLANG_WARN_OBJC_IMPLICIT_RETAIN_SELF = YES;
				CLANG_WARN_OBJC_LITERAL_CONVERSION = YES;
				CLANG_WARN_OBJC_ROOT_CLASS = YES_ERROR;
				CLANG_WARN_QUOTED_INCLUDE_IN_FRAMEWORK_HEADER = YES;
				CLANG_WARN_RANGE_LOOP_ANALYSIS = YES;
				CLANG_WARN_STRICT_PROTOTYPES = YES;
				CLANG_WARN_SUSPICIOUS_MOVE = YES;
				CLANG_WARN_UNGUARDED_AVAILABILITY = YES_AGGRESSIVE;
				CLANG_WARN_UNREACHABLE_CODE = YES;
				CLANG_WARN__DUPLICATE_METHOD_MATCH = YES;
				COPY_PHASE_STRIP = NO;
				DEBUG_INFORMATION_FORMAT = dwarf;
				ENABLE_STRICT_OBJC_MSGSEND = YES;
				ENABLE_TESTABILITY = YES;
				GCC_C_LANGUAGE_STANDARD = gnu11;
				GCC_DYNAMIC_NO_PIC = NO;
				GCC_NO_COMMON_BLOCKS = YES;
				GCC_OPTIMIZATION_LEVEL = 0;
				GCC_PREPROCESSOR_DEFINITIONS = (
					"DEBUG=1",
					"$(inherited)",
				);
				GCC_WARN_64_TO_32_BIT_CONVERSION = YES;
				GCC_WARN_ABOUT_RETURN_TYPE = YES_ERROR;
				GCC_WARN_UNDECLARED_SELECTOR = YES;
				GCC_WARN_UNINITIALIZED_AUTOS = YES_AGGRESSIVE;
				GCC_WARN_UNUSED_FUNCTION = YES;
				GCC_WARN_UNUSED_VARIABLE = YES;
				IPHONEOS_DEPLOYMENT_TARGET = 16.0;
				MTL_ENABLE_DEBUG_INFO = INCLUDE_SOURCE;
				MTL_FAST_MATH = YES;
				ONLY_ACTIVE_ARCH = YES;
				SDKROOT = iphoneos;
				SWIFT_ACTIVE_COMPILATION_CONDITIONS = DEBUG;
				SWIFT_OPTIMIZATION_LEVEL = "-Onone";
			};
			name = Debug;
		};
		ED186F3128E0179900A355CD /* Release */ = {
			isa = XCBuildConfiguration;
			buildSettings = {
				ALWAYS_SEARCH_USER_PATHS = NO;
				CLANG_ANALYZER_NONNULL = YES;
				CLANG_ANALYZER_NUMBER_OBJECT_CONVERSION = YES_AGGRESSIVE;
				CLANG_CXX_LANGUAGE_STANDARD = "gnu++20";
				CLANG_ENABLE_MODULES = YES;
				CLANG_ENABLE_OBJC_ARC = YES;
				CLANG_ENABLE_OBJC_WEAK = YES;
				CLANG_WARN_BLOCK_CAPTURE_AUTORELEASING = YES;
				CLANG_WARN_BOOL_CONVERSION = YES;
				CLANG_WARN_COMMA = YES;
				CLANG_WARN_CONSTANT_CONVERSION = YES;
				CLANG_WARN_DEPRECATED_OBJC_IMPLEMENTATIONS = YES;
				CLANG_WARN_DIRECT_OBJC_ISA_USAGE = YES_ERROR;
				CLANG_WARN_DOCUMENTATION_COMMENTS = YES;
				CLANG_WARN_EMPTY_BODY = YES;
				CLANG_WARN_ENUM_CONVERSION = YES;
				CLANG_WARN_INFINITE_RECURSION = YES;
				CLANG_WARN_INT_CONVERSION = YES;
				CLANG_WARN_NON_LITERAL_NULL_CONVERSION = YES;
				CLANG_WARN_OBJC_IMPLICIT_RETAIN_SELF = YES;
				CLANG_WARN_OBJC_LITERAL_CONVERSION = YES;
				CLANG_WARN_OBJC_ROOT_CLASS = YES_ERROR;
				CLANG_WARN_QUOTED_INCLUDE_IN_FRAMEWORK_HEADER = YES;
				CLANG_WARN_RANGE_LOOP_ANALYSIS = YES;
				CLANG_WARN_STRICT_PROTOTYPES = YES;
				CLANG_WARN_SUSPICIOUS_MOVE = YES;
				CLANG_WARN_UNGUARDED_AVAILABILITY = YES_AGGRESSIVE;
				CLANG_WARN_UNREACHABLE_CODE = YES;
				CLANG_WARN__DUPLICATE_METHOD_MATCH = YES;
				COPY_PHASE_STRIP = NO;
				DEBUG_INFORMATION_FORMAT = "dwarf-with-dsym";
				ENABLE_NS_ASSERTIONS = NO;
				ENABLE_STRICT_OBJC_MSGSEND = YES;
				GCC_C_LANGUAGE_STANDARD = gnu11;
				GCC_NO_COMMON_BLOCKS = YES;
				GCC_WARN_64_TO_32_BIT_CONVERSION = YES;
				GCC_WARN_ABOUT_RETURN_TYPE = YES_ERROR;
				GCC_WARN_UNDECLARED_SELECTOR = YES;
				GCC_WARN_UNINITIALIZED_AUTOS = YES_AGGRESSIVE;
				GCC_WARN_UNUSED_FUNCTION = YES;
				GCC_WARN_UNUSED_VARIABLE = YES;
				IPHONEOS_DEPLOYMENT_TARGET = 16.0;
				MTL_ENABLE_DEBUG_INFO = NO;
				MTL_FAST_MATH = YES;
				SDKROOT = iphoneos;
				SWIFT_COMPILATION_MODE = wholemodule;
				SWIFT_OPTIMIZATION_LEVEL = "-O";
				VALIDATE_PRODUCT = YES;
			};
			name = Release;
		};
		ED186F3328E0179900A355CD /* Debug */ = {
			isa = XCBuildConfiguration;
			buildSettings = {
				ASSETCATALOG_COMPILER_APPICON_NAME = AppIcon;
				ASSETCATALOG_COMPILER_GLOBAL_ACCENT_COLOR_NAME = AccentColor;
				CODE_SIGN_STYLE = Automatic;
				CURRENT_PROJECT_VERSION = 1;
				DEVELOPMENT_TEAM = RXS4HM3L7Q;
				GENERATE_INFOPLIST_FILE = YES;
				INFOPLIST_FILE = interfaz_foot4all/Info.plist;
				INFOPLIST_KEY_UIApplicationSupportsIndirectInputEvents = YES;
				INFOPLIST_KEY_UILaunchStoryboardName = LaunchScreen;
				INFOPLIST_KEY_UIMainStoryboardFile = Main;
				INFOPLIST_KEY_UISupportedInterfaceOrientations_iPad = "UIInterfaceOrientationPortrait UIInterfaceOrientationPortraitUpsideDown UIInterfaceOrientationLandscapeLeft UIInterfaceOrientationLandscapeRight";
				INFOPLIST_KEY_UISupportedInterfaceOrientations_iPhone = "UIInterfaceOrientationPortrait UIInterfaceOrientationLandscapeLeft UIInterfaceOrientationLandscapeRight";
				LD_RUNPATH_SEARCH_PATHS = (
					"$(inherited)",
					"@executable_path/Frameworks",
				);
				MARKETING_VERSION = 1.0;
				PRODUCT_BUNDLE_IDENTIFIER = "food4all.interfaz-foot4all";
				PRODUCT_NAME = "$(TARGET_NAME)";
				SWIFT_EMIT_LOC_STRINGS = YES;
				SWIFT_VERSION = 5.0;
				TARGETED_DEVICE_FAMILY = "1,2";
			};
			name = Debug;
		};
		ED186F3428E0179900A355CD /* Release */ = {
			isa = XCBuildConfiguration;
			buildSettings = {
				ASSETCATALOG_COMPILER_APPICON_NAME = AppIcon;
				ASSETCATALOG_COMPILER_GLOBAL_ACCENT_COLOR_NAME = AccentColor;
				CODE_SIGN_STYLE = Automatic;
				CURRENT_PROJECT_VERSION = 1;
				DEVELOPMENT_TEAM = RXS4HM3L7Q;
				GENERATE_INFOPLIST_FILE = YES;
				INFOPLIST_FILE = interfaz_foot4all/Info.plist;
				INFOPLIST_KEY_UIApplicationSupportsIndirectInputEvents = YES;
				INFOPLIST_KEY_UILaunchStoryboardName = LaunchScreen;
				INFOPLIST_KEY_UIMainStoryboardFile = Main;
				INFOPLIST_KEY_UISupportedInterfaceOrientations_iPad = "UIInterfaceOrientationPortrait UIInterfaceOrientationPortraitUpsideDown UIInterfaceOrientationLandscapeLeft UIInterfaceOrientationLandscapeRight";
				INFOPLIST_KEY_UISupportedInterfaceOrientations_iPhone = "UIInterfaceOrientationPortrait UIInterfaceOrientationLandscapeLeft UIInterfaceOrientationLandscapeRight";
				LD_RUNPATH_SEARCH_PATHS = (
					"$(inherited)",
					"@executable_path/Frameworks",
				);
				MARKETING_VERSION = 1.0;
				PRODUCT_BUNDLE_IDENTIFIER = "food4all.interfaz-foot4all";
				PRODUCT_NAME = "$(TARGET_NAME)";
				SWIFT_EMIT_LOC_STRINGS = YES;
				SWIFT_VERSION = 5.0;
				TARGETED_DEVICE_FAMILY = "1,2";
			};
			name = Release;
		};
		ED186F3628E0179900A355CD /* Debug */ = {
			isa = XCBuildConfiguration;
			buildSettings = {
				ALWAYS_EMBED_SWIFT_STANDARD_LIBRARIES = YES;
				BUNDLE_LOADER = "$(TEST_HOST)";
				CODE_SIGN_STYLE = Automatic;
				CURRENT_PROJECT_VERSION = 1;
				DEVELOPMENT_TEAM = RXS4HM3L7Q;
				GENERATE_INFOPLIST_FILE = YES;
				IPHONEOS_DEPLOYMENT_TARGET = 16.0;
				MARKETING_VERSION = 1.0;
				PRODUCT_BUNDLE_IDENTIFIER = "food4all.interfaz-foot4allTests";
				PRODUCT_NAME = "$(TARGET_NAME)";
				SWIFT_EMIT_LOC_STRINGS = NO;
				SWIFT_VERSION = 5.0;
				TARGETED_DEVICE_FAMILY = "1,2";
				TEST_HOST = "$(BUILT_PRODUCTS_DIR)/interfaz_foot4all.app/$(BUNDLE_EXECUTABLE_FOLDER_PATH)/interfaz_foot4all";
			};
			name = Debug;
		};
		ED186F3728E0179900A355CD /* Release */ = {
			isa = XCBuildConfiguration;
			buildSettings = {
				ALWAYS_EMBED_SWIFT_STANDARD_LIBRARIES = YES;
				BUNDLE_LOADER = "$(TEST_HOST)";
				CODE_SIGN_STYLE = Automatic;
				CURRENT_PROJECT_VERSION = 1;
				DEVELOPMENT_TEAM = RXS4HM3L7Q;
				GENERATE_INFOPLIST_FILE = YES;
				IPHONEOS_DEPLOYMENT_TARGET = 16.0;
				MARKETING_VERSION = 1.0;
				PRODUCT_BUNDLE_IDENTIFIER = "food4all.interfaz-foot4allTests";
				PRODUCT_NAME = "$(TARGET_NAME)";
				SWIFT_EMIT_LOC_STRINGS = NO;
				SWIFT_VERSION = 5.0;
				TARGETED_DEVICE_FAMILY = "1,2";
				TEST_HOST = "$(BUILT_PRODUCTS_DIR)/interfaz_foot4all.app/$(BUNDLE_EXECUTABLE_FOLDER_PATH)/interfaz_foot4all";
			};
			name = Release;
		};
		ED186F3928E0179900A355CD /* Debug */ = {
			isa = XCBuildConfiguration;
			buildSettings = {
				ALWAYS_EMBED_SWIFT_STANDARD_LIBRARIES = YES;
				CODE_SIGN_STYLE = Automatic;
				CURRENT_PROJECT_VERSION = 1;
				DEVELOPMENT_TEAM = RXS4HM3L7Q;
				GENERATE_INFOPLIST_FILE = YES;
				MARKETING_VERSION = 1.0;
				PRODUCT_BUNDLE_IDENTIFIER = "food4all.interfaz-foot4allUITests";
				PRODUCT_NAME = "$(TARGET_NAME)";
				SWIFT_EMIT_LOC_STRINGS = NO;
				SWIFT_VERSION = 5.0;
				TARGETED_DEVICE_FAMILY = "1,2";
				TEST_TARGET_NAME = interfaz_foot4all;
			};
			name = Debug;
		};
		ED186F3A28E0179900A355CD /* Release */ = {
			isa = XCBuildConfiguration;
			buildSettings = {
				ALWAYS_EMBED_SWIFT_STANDARD_LIBRARIES = YES;
				CODE_SIGN_STYLE = Automatic;
				CURRENT_PROJECT_VERSION = 1;
				DEVELOPMENT_TEAM = RXS4HM3L7Q;
				GENERATE_INFOPLIST_FILE = YES;
				MARKETING_VERSION = 1.0;
				PRODUCT_BUNDLE_IDENTIFIER = "food4all.interfaz-foot4allUITests";
				PRODUCT_NAME = "$(TARGET_NAME)";
				SWIFT_EMIT_LOC_STRINGS = NO;
				SWIFT_VERSION = 5.0;
				TARGETED_DEVICE_FAMILY = "1,2";
				TEST_TARGET_NAME = interfaz_foot4all;
			};
			name = Release;
		};
/* End XCBuildConfiguration section */

/* Begin XCConfigurationList section */
		ED186F0328E0179600A355CD /* Build configuration list for PBXProject "interfaz_foot4all" */ = {
			isa = XCConfigurationList;
			buildConfigurations = (
				ED186F3028E0179900A355CD /* Debug */,
				ED186F3128E0179900A355CD /* Release */,
			);
			defaultConfigurationIsVisible = 0;
			defaultConfigurationName = Release;
		};
		ED186F3228E0179900A355CD /* Build configuration list for PBXNativeTarget "interfaz_foot4all" */ = {
			isa = XCConfigurationList;
			buildConfigurations = (
				ED186F3328E0179900A355CD /* Debug */,
				ED186F3428E0179900A355CD /* Release */,
			);
			defaultConfigurationIsVisible = 0;
			defaultConfigurationName = Release;
		};
		ED186F3528E0179900A355CD /* Build configuration list for PBXNativeTarget "interfaz_foot4allTests" */ = {
			isa = XCConfigurationList;
			buildConfigurations = (
				ED186F3628E0179900A355CD /* Debug */,
				ED186F3728E0179900A355CD /* Release */,
			);
			defaultConfigurationIsVisible = 0;
			defaultConfigurationName = Release;
		};
		ED186F3828E0179900A355CD /* Build configuration list for PBXNativeTarget "interfaz_foot4allUITests" */ = {
			isa = XCConfigurationList;
			buildConfigurations = (
				ED186F3928E0179900A355CD /* Debug */,
				ED186F3A28E0179900A355CD /* Release */,
			);
			defaultConfigurationIsVisible = 0;
			defaultConfigurationName = Release;
		};
/* End XCConfigurationList section */
	};
	rootObject = ED186F0028E0179600A355CD /* Project object */;
}
