// !$*UTF8*$!
{
	archiveVersion = 1;
	classes = {
	};
	objectVersion = 56;
	objects = {

/* Begin PBXBuildFile section */
		ED01AB1628E0B58C00CDC9AD /* ViewControllerseis.swift in Sources */ = {isa = PBXBuildFile; fileRef = ED01AB1528E0B58C00CDC9AD /* ViewControllerseis.swift */; };
		ED91DFD328E06660008292B8 /* AppDelegate.swift in Sources */ = {isa = PBXBuildFile; fileRef = ED91DFD228E06660008292B8 /* AppDelegate.swift */; };
		ED91DFD528E06660008292B8 /* SceneDelegate.swift in Sources */ = {isa = PBXBuildFile; fileRef = ED91DFD428E06660008292B8 /* SceneDelegate.swift */; };
		ED91DFD728E06660008292B8 /* ViewController.swift in Sources */ = {isa = PBXBuildFile; fileRef = ED91DFD628E06660008292B8 /* ViewController.swift */; };
		ED91DFDA28E06660008292B8 /* Main.storyboard in Resources */ = {isa = PBXBuildFile; fileRef = ED91DFD828E06660008292B8 /* Main.storyboard */; };
		ED91DFDC28E06662008292B8 /* Assets.xcassets in Resources */ = {isa = PBXBuildFile; fileRef = ED91DFDB28E06662008292B8 /* Assets.xcassets */; };
		ED91DFDF28E06662008292B8 /* LaunchScreen.storyboard in Resources */ = {isa = PBXBuildFile; fileRef = ED91DFDD28E06662008292B8 /* LaunchScreen.storyboard */; };
		ED91DFEA28E06662008292B8 /* food4allappTests.swift in Sources */ = {isa = PBXBuildFile; fileRef = ED91DFE928E06662008292B8 /* food4allappTests.swift */; };
		ED91DFF428E06662008292B8 /* food4allappUITests.swift in Sources */ = {isa = PBXBuildFile; fileRef = ED91DFF328E06662008292B8 /* food4allappUITests.swift */; };
		ED91DFF628E06662008292B8 /* food4allappUITestsLaunchTests.swift in Sources */ = {isa = PBXBuildFile; fileRef = ED91DFF528E06662008292B8 /* food4allappUITestsLaunchTests.swift */; };
		ED91E00328E06708008292B8 /* ViewControllerdos.swift in Sources */ = {isa = PBXBuildFile; fileRef = ED91E00228E06708008292B8 /* ViewControllerdos.swift */; };
		ED91E00528E0788A008292B8 /* ViewControllertres.swift in Sources */ = {isa = PBXBuildFile; fileRef = ED91E00428E0788A008292B8 /* ViewControllertres.swift */; };
		ED91E01028E09430008292B8 /* el-pollo-loco-miercolocos.jpeg in Resources */ = {isa = PBXBuildFile; fileRef = ED91E00E28E09430008292B8 /* el-pollo-loco-miercolocos.jpeg */; };
		ED91E01128E09430008292B8 /* papa-index.jpeg in Resources */ = {isa = PBXBuildFile; fileRef = ED91E00F28E09430008292B8 /* papa-index.jpeg */; };
		ED91E01328E0A893008292B8 /* ViewControllercuatro.swift in Sources */ = {isa = PBXBuildFile; fileRef = ED91E01228E0A893008292B8 /* ViewControllercuatro.swift */; };
		ED91E01528E0A973008292B8 /* 360_F_202787305_kmLiGLKBtT29hdc5e1h4FrAIcJ7M5dPf.jpeg in Resources */ = {isa = PBXBuildFile; fileRef = ED91E01428E0A972008292B8 /* 360_F_202787305_kmLiGLKBtT29hdc5e1h4FrAIcJ7M5dPf.jpeg */; };
		ED91E01728E0AAE4008292B8 /* ViewControllercinco.swift in Sources */ = {isa = PBXBuildFile; fileRef = ED91E01628E0AAE4008292B8 /* ViewControllercinco.swift */; };
/* End PBXBuildFile section */

/* Begin PBXContainerItemProxy section */
		ED91DFE628E06662008292B8 /* PBXContainerItemProxy */ = {
			isa = PBXContainerItemProxy;
			containerPortal = ED91DFC728E06660008292B8 /* Project object */;
			proxyType = 1;
			remoteGlobalIDString = ED91DFCE28E06660008292B8;
			remoteInfo = food4allapp;
		};
		ED91DFF028E06662008292B8 /* PBXContainerItemProxy */ = {
			isa = PBXContainerItemProxy;
			containerPortal = ED91DFC728E06660008292B8 /* Project object */;
			proxyType = 1;
			remoteGlobalIDString = ED91DFCE28E06660008292B8;
			remoteInfo = food4allapp;
		};
/* End PBXContainerItemProxy section */

/* Begin PBXFileReference section */
		ED01AB1528E0B58C00CDC9AD /* ViewControllerseis.swift */ = {isa = PBXFileReference; lastKnownFileType = sourcecode.swift; path = ViewControllerseis.swift; sourceTree = "<group>"; };
		ED91DFCF28E06660008292B8 /* food4allapp.app */ = {isa = PBXFileReference; explicitFileType = wrapper.application; includeInIndex = 0; path = food4allapp.app; sourceTree = BUILT_PRODUCTS_DIR; };
		ED91DFD228E06660008292B8 /* AppDelegate.swift */ = {isa = PBXFileReference; lastKnownFileType = sourcecode.swift; path = AppDelegate.swift; sourceTree = "<group>"; };
		ED91DFD428E06660008292B8 /* SceneDelegate.swift */ = {isa = PBXFileReference; lastKnownFileType = sourcecode.swift; path = SceneDelegate.swift; sourceTree = "<group>"; };
		ED91DFD628E06660008292B8 /* ViewController.swift */ = {isa = PBXFileReference; lastKnownFileType = sourcecode.swift; path = ViewController.swift; sourceTree = "<group>"; };
		ED91DFD928E06660008292B8 /* Base */ = {isa = PBXFileReference; lastKnownFileType = file.storyboard; name = Base; path = Base.lproj/Main.storyboard; sourceTree = "<group>"; };
		ED91DFDB28E06662008292B8 /* Assets.xcassets */ = {isa = PBXFileReference; lastKnownFileType = folder.assetcatalog; path = Assets.xcassets; sourceTree = "<group>"; };
		ED91DFDE28E06662008292B8 /* Base */ = {isa = PBXFileReference; lastKnownFileType = file.storyboard; name = Base; path = Base.lproj/LaunchScreen.storyboard; sourceTree = "<group>"; };
		ED91DFE028E06662008292B8 /* Info.plist */ = {isa = PBXFileReference; lastKnownFileType = text.plist.xml; path = Info.plist; sourceTree = "<group>"; };
		ED91DFE528E06662008292B8 /* food4allappTests.xctest */ = {isa = PBXFileReference; explicitFileType = wrapper.cfbundle; includeInIndex = 0; path = food4allappTests.xctest; sourceTree = BUILT_PRODUCTS_DIR; };
		ED91DFE928E06662008292B8 /* food4allappTests.swift */ = {isa = PBXFileReference; lastKnownFileType = sourcecode.swift; path = food4allappTests.swift; sourceTree = "<group>"; };
		ED91DFEF28E06662008292B8 /* food4allappUITests.xctest */ = {isa = PBXFileReference; explicitFileType = wrapper.cfbundle; includeInIndex = 0; path = food4allappUITests.xctest; sourceTree = BUILT_PRODUCTS_DIR; };
		ED91DFF328E06662008292B8 /* food4allappUITests.swift */ = {isa = PBXFileReference; lastKnownFileType = sourcecode.swift; path = food4allappUITests.swift; sourceTree = "<group>"; };
		ED91DFF528E06662008292B8 /* food4allappUITestsLaunchTests.swift */ = {isa = PBXFileReference; lastKnownFileType = sourcecode.swift; path = food4allappUITestsLaunchTests.swift; sourceTree = "<group>"; };
		ED91E00228E06708008292B8 /* ViewControllerdos.swift */ = {isa = PBXFileReference; lastKnownFileType = sourcecode.swift; path = ViewControllerdos.swift; sourceTree = "<group>"; };
		ED91E00428E0788A008292B8 /* ViewControllertres.swift */ = {isa = PBXFileReference; lastKnownFileType = sourcecode.swift; path = ViewControllertres.swift; sourceTree = "<group>"; };
		ED91E00E28E09430008292B8 /* el-pollo-loco-miercolocos.jpeg */ = {isa = PBXFileReference; lastKnownFileType = image.jpeg; name = "el-pollo-loco-miercolocos.jpeg"; path = "../../el-pollo-loco-miercolocos.jpeg"; sourceTree = "<group>"; };
		ED91E00F28E09430008292B8 /* papa-index.jpeg */ = {isa = PBXFileReference; lastKnownFileType = image.jpeg; name = "papa-index.jpeg"; path = "../../papa-index.jpeg"; sourceTree = "<group>"; };
		ED91E01228E0A893008292B8 /* ViewControllercuatro.swift */ = {isa = PBXFileReference; lastKnownFileType = sourcecode.swift; path = ViewControllercuatro.swift; sourceTree = "<group>"; };
		ED91E01428E0A972008292B8 /* 360_F_202787305_kmLiGLKBtT29hdc5e1h4FrAIcJ7M5dPf.jpeg */ = {isa = PBXFileReference; lastKnownFileType = image.jpeg; name = 360_F_202787305_kmLiGLKBtT29hdc5e1h4FrAIcJ7M5dPf.jpeg; path = ../../360_F_202787305_kmLiGLKBtT29hdc5e1h4FrAIcJ7M5dPf.jpeg; sourceTree = "<group>"; };
		ED91E01628E0AAE4008292B8 /* ViewControllercinco.swift */ = {isa = PBXFileReference; lastKnownFileType = sourcecode.swift; path = ViewControllercinco.swift; sourceTree = "<group>"; };
/* End PBXFileReference section */

/* Begin PBXFrameworksBuildPhase section */
		ED91DFCC28E06660008292B8 /* Frameworks */ = {
			isa = PBXFrameworksBuildPhase;
			buildActionMask = 2147483647;
			files = (
			);
			runOnlyForDeploymentPostprocessing = 0;
		};
		ED91DFE228E06662008292B8 /* Frameworks */ = {
			isa = PBXFrameworksBuildPhase;
			buildActionMask = 2147483647;
			files = (
			);
			runOnlyForDeploymentPostprocessing = 0;
		};
		ED91DFEC28E06662008292B8 /* Frameworks */ = {
			isa = PBXFrameworksBuildPhase;
			buildActionMask = 2147483647;
			files = (
			);
			runOnlyForDeploymentPostprocessing = 0;
		};
/* End PBXFrameworksBuildPhase section */

/* Begin PBXGroup section */
		ED91DFC628E06660008292B8 = {
			isa = PBXGroup;
			children = (
				ED91DFD128E06660008292B8 /* food4allapp */,
				ED91DFE828E06662008292B8 /* food4allappTests */,
				ED91DFF228E06662008292B8 /* food4allappUITests */,
				ED91DFD028E06660008292B8 /* Products */,
			);
			sourceTree = "<group>";
		};
		ED91DFD028E06660008292B8 /* Products */ = {
			isa = PBXGroup;
			children = (
				ED91DFCF28E06660008292B8 /* food4allapp.app */,
				ED91DFE528E06662008292B8 /* food4allappTests.xctest */,
				ED91DFEF28E06662008292B8 /* food4allappUITests.xctest */,
			);
			name = Products;
			sourceTree = "<group>";
		};
		ED91DFD128E06660008292B8 /* food4allapp */ = {
			isa = PBXGroup;
			children = (
				ED91DFD228E06660008292B8 /* AppDelegate.swift */,
				ED91DFD428E06660008292B8 /* SceneDelegate.swift */,
				ED91DFD628E06660008292B8 /* ViewController.swift */,
				ED91DFD828E06660008292B8 /* Main.storyboard */,
				ED01AB1528E0B58C00CDC9AD /* ViewControllerseis.swift */,
				ED91E01628E0AAE4008292B8 /* ViewControllercinco.swift */,
				ED91E01228E0A893008292B8 /* ViewControllercuatro.swift */,
				ED91E00428E0788A008292B8 /* ViewControllertres.swift */,
				ED91E00228E06708008292B8 /* ViewControllerdos.swift */,
				ED91E01428E0A972008292B8 /* 360_F_202787305_kmLiGLKBtT29hdc5e1h4FrAIcJ7M5dPf.jpeg */,
				ED91E00E28E09430008292B8 /* el-pollo-loco-miercolocos.jpeg */,
				ED91E00F28E09430008292B8 /* papa-index.jpeg */,
				ED91DFDB28E06662008292B8 /* Assets.xcassets */,
				ED91DFDD28E06662008292B8 /* LaunchScreen.storyboard */,
				ED91DFE028E06662008292B8 /* Info.plist */,
			);
			path = food4allapp;
			sourceTree = "<group>";
		};
		ED91DFE828E06662008292B8 /* food4allappTests */ = {
			isa = PBXGroup;
			children = (
				ED91DFE928E06662008292B8 /* food4allappTests.swift */,
			);
			path = food4allappTests;
			sourceTree = "<group>";
		};
		ED91DFF228E06662008292B8 /* food4allappUITests */ = {
			isa = PBXGroup;
			children = (
				ED91DFF328E06662008292B8 /* food4allappUITests.swift */,
				ED91DFF528E06662008292B8 /* food4allappUITestsLaunchTests.swift */,
			);
			path = food4allappUITests;
			sourceTree = "<group>";
		};
/* End PBXGroup section */

/* Begin PBXNativeTarget section */
		ED91DFCE28E06660008292B8 /* food4allapp */ = {
			isa = PBXNativeTarget;
			buildConfigurationList = ED91DFF928E06662008292B8 /* Build configuration list for PBXNativeTarget "food4allapp" */;
			buildPhases = (
				ED91DFCB28E06660008292B8 /* Sources */,
				ED91DFCC28E06660008292B8 /* Frameworks */,
				ED91DFCD28E06660008292B8 /* Resources */,
			);
			buildRules = (
			);
			dependencies = (
			);
			name = food4allapp;
			productName = food4allapp;
			productReference = ED91DFCF28E06660008292B8 /* food4allapp.app */;
			productType = "com.apple.product-type.application";
		};
		ED91DFE428E06662008292B8 /* food4allappTests */ = {
			isa = PBXNativeTarget;
			buildConfigurationList = ED91DFFC28E06662008292B8 /* Build configuration list for PBXNativeTarget "food4allappTests" */;
			buildPhases = (
				ED91DFE128E06662008292B8 /* Sources */,
				ED91DFE228E06662008292B8 /* Frameworks */,
				ED91DFE328E06662008292B8 /* Resources */,
			);
			buildRules = (
			);
			dependencies = (
				ED91DFE728E06662008292B8 /* PBXTargetDependency */,
			);
			name = food4allappTests;
			productName = food4allappTests;
			productReference = ED91DFE528E06662008292B8 /* food4allappTests.xctest */;
			productType = "com.apple.product-type.bundle.unit-test";
		};
		ED91DFEE28E06662008292B8 /* food4allappUITests */ = {
			isa = PBXNativeTarget;
			buildConfigurationList = ED91DFFF28E06662008292B8 /* Build configuration list for PBXNativeTarget "food4allappUITests" */;
			buildPhases = (
				ED91DFEB28E06662008292B8 /* Sources */,
				ED91DFEC28E06662008292B8 /* Frameworks */,
				ED91DFED28E06662008292B8 /* Resources */,
			);
			buildRules = (
			);
			dependencies = (
				ED91DFF128E06662008292B8 /* PBXTargetDependency */,
			);
			name = food4allappUITests;
			productName = food4allappUITests;
			productReference = ED91DFEF28E06662008292B8 /* food4allappUITests.xctest */;
			productType = "com.apple.product-type.bundle.ui-testing";
		};
/* End PBXNativeTarget section */

/* Begin PBXProject section */
		ED91DFC728E06660008292B8 /* Project object */ = {
			isa = PBXProject;
			attributes = {
				BuildIndependentTargetsInParallel = 1;
				LastSwiftUpdateCheck = 1400;
				LastUpgradeCheck = 1400;
				TargetAttributes = {
					ED91DFCE28E06660008292B8 = {
						CreatedOnToolsVersion = 14.0;
					};
					ED91DFE428E06662008292B8 = {
						CreatedOnToolsVersion = 14.0;
						TestTargetID = ED91DFCE28E06660008292B8;
					};
					ED91DFEE28E06662008292B8 = {
						CreatedOnToolsVersion = 14.0;
						TestTargetID = ED91DFCE28E06660008292B8;
					};
				};
			};
			buildConfigurationList = ED91DFCA28E06660008292B8 /* Build configuration list for PBXProject "food4allapp" */;
			compatibilityVersion = "Xcode 14.0";
			developmentRegion = en;
			hasScannedForEncodings = 0;
			knownRegions = (
				en,
				Base,
			);
			mainGroup = ED91DFC628E06660008292B8;
			productRefGroup = ED91DFD028E06660008292B8 /* Products */;
			projectDirPath = "";
			projectRoot = "";
			targets = (
				ED91DFCE28E06660008292B8 /* food4allapp */,
				ED91DFE428E06662008292B8 /* food4allappTests */,
				ED91DFEE28E06662008292B8 /* food4allappUITests */,
			);
		};
/* End PBXProject section */

/* Begin PBXResourcesBuildPhase section */
		ED91DFCD28E06660008292B8 /* Resources */ = {
			isa = PBXResourcesBuildPhase;
			buildActionMask = 2147483647;
			files = (
				ED91E01028E09430008292B8 /* el-pollo-loco-miercolocos.jpeg in Resources */,
				ED91DFDF28E06662008292B8 /* LaunchScreen.storyboard in Resources */,
				ED91DFDC28E06662008292B8 /* Assets.xcassets in Resources */,
				ED91DFDA28E06660008292B8 /* Main.storyboard in Resources */,
				ED91E01128E09430008292B8 /* papa-index.jpeg in Resources */,
				ED91E01528E0A973008292B8 /* 360_F_202787305_kmLiGLKBtT29hdc5e1h4FrAIcJ7M5dPf.jpeg in Resources */,
			);
			runOnlyForDeploymentPostprocessing = 0;
		};
		ED91DFE328E06662008292B8 /* Resources */ = {
			isa = PBXResourcesBuildPhase;
			buildActionMask = 2147483647;
			files = (
			);
			runOnlyForDeploymentPostprocessing = 0;
		};
		ED91DFED28E06662008292B8 /* Resources */ = {
			isa = PBXResourcesBuildPhase;
			buildActionMask = 2147483647;
			files = (
			);
			runOnlyForDeploymentPostprocessing = 0;
		};
/* End PBXResourcesBuildPhase section */

/* Begin PBXSourcesBuildPhase section */
		ED91DFCB28E06660008292B8 /* Sources */ = {
			isa = PBXSourcesBuildPhase;
			buildActionMask = 2147483647;
			files = (
				ED91DFD728E06660008292B8 /* ViewController.swift in Sources */,
				ED91DFD328E06660008292B8 /* AppDelegate.swift in Sources */,
				ED91DFD528E06660008292B8 /* SceneDelegate.swift in Sources */,
				ED91E01728E0AAE4008292B8 /* ViewControllercinco.swift in Sources */,
				ED91E01328E0A893008292B8 /* ViewControllercuatro.swift in Sources */,
				ED91E00528E0788A008292B8 /* ViewControllertres.swift in Sources */,
				ED01AB1628E0B58C00CDC9AD /* ViewControllerseis.swift in Sources */,
				ED91E00328E06708008292B8 /* ViewControllerdos.swift in Sources */,
			);
			runOnlyForDeploymentPostprocessing = 0;
		};
		ED91DFE128E06662008292B8 /* Sources */ = {
			isa = PBXSourcesBuildPhase;
			buildActionMask = 2147483647;
			files = (
				ED91DFEA28E06662008292B8 /* food4allappTests.swift in Sources */,
			);
			runOnlyForDeploymentPostprocessing = 0;
		};
		ED91DFEB28E06662008292B8 /* Sources */ = {
			isa = PBXSourcesBuildPhase;
			buildActionMask = 2147483647;
			files = (
				ED91DFF428E06662008292B8 /* food4allappUITests.swift in Sources */,
				ED91DFF628E06662008292B8 /* food4allappUITestsLaunchTests.swift in Sources */,
			);
			runOnlyForDeploymentPostprocessing = 0;
		};
/* End PBXSourcesBuildPhase section */

/* Begin PBXTargetDependency section */
		ED91DFE728E06662008292B8 /* PBXTargetDependency */ = {
			isa = PBXTargetDependency;
			target = ED91DFCE28E06660008292B8 /* food4allapp */;
			targetProxy = ED91DFE628E06662008292B8 /* PBXContainerItemProxy */;
		};
		ED91DFF128E06662008292B8 /* PBXTargetDependency */ = {
			isa = PBXTargetDependency;
			target = ED91DFCE28E06660008292B8 /* food4allapp */;
			targetProxy = ED91DFF028E06662008292B8 /* PBXContainerItemProxy */;
		};
/* End PBXTargetDependency section */

/* Begin PBXVariantGroup section */
		ED91DFD828E06660008292B8 /* Main.storyboard */ = {
			isa = PBXVariantGroup;
			children = (
				ED91DFD928E06660008292B8 /* Base */,
			);
			name = Main.storyboard;
			sourceTree = "<group>";
		};
		ED91DFDD28E06662008292B8 /* LaunchScreen.storyboard */ = {
			isa = PBXVariantGroup;
			children = (
				ED91DFDE28E06662008292B8 /* Base */,
			);
			name = LaunchScreen.storyboard;
			sourceTree = "<group>";
		};
/* End PBXVariantGroup section */

/* Begin XCBuildConfiguration section */
		ED91DFF728E06662008292B8 /* Debug */ = {
			isa = XCBuildConfiguration;
			buildSettings = {
				ALWAYS_SEARCH_USER_PATHS = NO;
				CLANG_ANALYZER_NONNULL = YES;
				CLANG_ANALYZER_NUMBER_OBJECT_CONVERSION = YES_AGGRESSIVE;
				CLANG_CXX_LANGUAGE_STANDARD = "gnu++20";
				CLANG_ENABLE_MODULES = YES;
				CLANG_ENABLE_OBJC_ARC = YES;
				CLANG_ENABLE_OBJC_WEAK = YES;
				CLANG_WARN_BLOCK_CAPTURE_AUTORELEASING = YES;
				CLANG_WARN_BOOL_CONVERSION = YES;
				CLANG_WARN_COMMA = YES;
				CLANG_WARN_CONSTANT_CONVERSION = YES;
				CLANG_WARN_DEPRECATED_OBJC_IMPLEMENTATIONS = YES;
				CLANG_WARN_DIRECT_OBJC_ISA_USAGE = YES_ERROR;
				CLANG_WARN_DOCUMENTATION_COMMENTS = YES;
				CLANG_WARN_EMPTY_BODY = YES;
				CLANG_WARN_ENUM_CONVERSION = YES;
				CLANG_WARN_INFINITE_RECURSION = YES;
				CLANG_WARN_INT_CONVERSION = YES;
				CLANG_WARN_NON_LITERAL_NULL_CONVERSION = YES;
				CLANG_WARN_OBJC_IMPLICIT_RETAIN_SELF = YES;
				CLANG_WARN_OBJC_LITERAL_CONVERSION = YES;
				CLANG_WARN_OBJC_ROOT_CLASS = YES_ERROR;
				CLANG_WARN_QUOTED_INCLUDE_IN_FRAMEWORK_HEADER = YES;
				CLANG_WARN_RANGE_LOOP_ANALYSIS = YES;
				CLANG_WARN_STRICT_PROTOTYPES = YES;
				CLANG_WARN_SUSPICIOUS_MOVE = YES;
				CLANG_WARN_UNGUARDED_AVAILABILITY = YES_AGGRESSIVE;
				CLANG_WARN_UNREACHABLE_CODE = YES;
				CLANG_WARN__DUPLICATE_METHOD_MATCH = YES;
				COPY_PHASE_STRIP = NO;
				DEBUG_INFORMATION_FORMAT = dwarf;
				ENABLE_STRICT_OBJC_MSGSEND = YES;
				ENABLE_TESTABILITY = YES;
				GCC_C_LANGUAGE_STANDARD = gnu11;
				GCC_DYNAMIC_NO_PIC = NO;
				GCC_NO_COMMON_BLOCKS = YES;
				GCC_OPTIMIZATION_LEVEL = 0;
				GCC_PREPROCESSOR_DEFINITIONS = (
					"DEBUG=1",
					"$(inherited)",
				);
				GCC_WARN_64_TO_32_BIT_CONVERSION = YES;
				GCC_WARN_ABOUT_RETURN_TYPE = YES_ERROR;
				GCC_WARN_UNDECLARED_SELECTOR = YES;
				GCC_WARN_UNINITIALIZED_AUTOS = YES_AGGRESSIVE;
				GCC_WARN_UNUSED_FUNCTION = YES;
				GCC_WARN_UNUSED_VARIABLE = YES;
				IPHONEOS_DEPLOYMENT_TARGET = 16.0;
				MTL_ENABLE_DEBUG_INFO = INCLUDE_SOURCE;
				MTL_FAST_MATH = YES;
				ONLY_ACTIVE_ARCH = YES;
				SDKROOT = iphoneos;
				SWIFT_ACTIVE_COMPILATION_CONDITIONS = DEBUG;
				SWIFT_OPTIMIZATION_LEVEL = "-Onone";
			};
			name = Debug;
		};
		ED91DFF828E06662008292B8 /* Release */ = {
			isa = XCBuildConfiguration;
			buildSettings = {
				ALWAYS_SEARCH_USER_PATHS = NO;
				CLANG_ANALYZER_NONNULL = YES;
				CLANG_ANALYZER_NUMBER_OBJECT_CONVERSION = YES_AGGRESSIVE;
				CLANG_CXX_LANGUAGE_STANDARD = "gnu++20";
				CLANG_ENABLE_MODULES = YES;
				CLANG_ENABLE_OBJC_ARC = YES;
				CLANG_ENABLE_OBJC_WEAK = YES;
				CLANG_WARN_BLOCK_CAPTURE_AUTORELEASING = YES;
				CLANG_WARN_BOOL_CONVERSION = YES;
				CLANG_WARN_COMMA = YES;
				CLANG_WARN_CONSTANT_CONVERSION = YES;
				CLANG_WARN_DEPRECATED_OBJC_IMPLEMENTATIONS = YES;
				CLANG_WARN_DIRECT_OBJC_ISA_USAGE = YES_ERROR;
				CLANG_WARN_DOCUMENTATION_COMMENTS = YES;
				CLANG_WARN_EMPTY_BODY = YES;
				CLANG_WARN_ENUM_CONVERSION = YES;
				CLANG_WARN_INFINITE_RECURSION = YES;
				CLANG_WARN_INT_CONVERSION = YES;
				CLANG_WARN_NON_LITERAL_NULL_CONVERSION = YES;
				CLANG_WARN_OBJC_IMPLICIT_RETAIN_SELF = YES;
				CLANG_WARN_OBJC_LITERAL_CONVERSION = YES;
				CLANG_WARN_OBJC_ROOT_CLASS = YES_ERROR;
				CLANG_WARN_QUOTED_INCLUDE_IN_FRAMEWORK_HEADER = YES;
				CLANG_WARN_RANGE_LOOP_ANALYSIS = YES;
				CLANG_WARN_STRICT_PROTOTYPES = YES;
				CLANG_WARN_SUSPICIOUS_MOVE = YES;
				CLANG_WARN_UNGUARDED_AVAILABILITY = YES_AGGRESSIVE;
				CLANG_WARN_UNREACHABLE_CODE = YES;
				CLANG_WARN__DUPLICATE_METHOD_MATCH = YES;
				COPY_PHASE_STRIP = NO;
				DEBUG_INFORMATION_FORMAT = "dwarf-with-dsym";
				ENABLE_NS_ASSERTIONS = NO;
				ENABLE_STRICT_OBJC_MSGSEND = YES;
				GCC_C_LANGUAGE_STANDARD = gnu11;
				GCC_NO_COMMON_BLOCKS = YES;
				GCC_WARN_64_TO_32_BIT_CONVERSION = YES;
				GCC_WARN_ABOUT_RETURN_TYPE = YES_ERROR;
				GCC_WARN_UNDECLARED_SELECTOR = YES;
				GCC_WARN_UNINITIALIZED_AUTOS = YES_AGGRESSIVE;
				GCC_WARN_UNUSED_FUNCTION = YES;
				GCC_WARN_UNUSED_VARIABLE = YES;
				IPHONEOS_DEPLOYMENT_TARGET = 16.0;
				MTL_ENABLE_DEBUG_INFO = NO;
				MTL_FAST_MATH = YES;
				SDKROOT = iphoneos;
				SWIFT_COMPILATION_MODE = wholemodule;
				SWIFT_OPTIMIZATION_LEVEL = "-O";
				VALIDATE_PRODUCT = YES;
			};
			name = Release;
		};
		ED91DFFA28E06662008292B8 /* Debug */ = {
			isa = XCBuildConfiguration;
			buildSettings = {
				ASSETCATALOG_COMPILER_APPICON_NAME = AppIcon;
				ASSETCATALOG_COMPILER_GLOBAL_ACCENT_COLOR_NAME = AccentColor;
				CODE_SIGN_STYLE = Automatic;
				CURRENT_PROJECT_VERSION = 1;
				DEVELOPMENT_TEAM = RXS4HM3L7Q;
				GENERATE_INFOPLIST_FILE = YES;
				INFOPLIST_FILE = food4allapp/Info.plist;
				INFOPLIST_KEY_UIApplicationSupportsIndirectInputEvents = YES;
				INFOPLIST_KEY_UILaunchStoryboardName = LaunchScreen;
				INFOPLIST_KEY_UIMainStoryboardFile = Main;
				INFOPLIST_KEY_UISupportedInterfaceOrientations_iPad = "UIInterfaceOrientationPortrait UIInterfaceOrientationPortraitUpsideDown UIInterfaceOrientationLandscapeLeft UIInterfaceOrientationLandscapeRight";
				INFOPLIST_KEY_UISupportedInterfaceOrientations_iPhone = "UIInterfaceOrientationPortrait UIInterfaceOrientationLandscapeLeft UIInterfaceOrientationLandscapeRight";
				LD_RUNPATH_SEARCH_PATHS = (
					"$(inherited)",
					"@executable_path/Frameworks",
				);
				MARKETING_VERSION = 1.0;
				PRODUCT_BUNDLE_IDENTIFIER = food4all.food4allapp;
				PRODUCT_NAME = "$(TARGET_NAME)";
				SWIFT_EMIT_LOC_STRINGS = YES;
				SWIFT_VERSION = 5.0;
				TARGETED_DEVICE_FAMILY = "1,2";
			};
			name = Debug;
		};
		ED91DFFB28E06662008292B8 /* Release */ = {
			isa = XCBuildConfiguration;
			buildSettings = {
				ASSETCATALOG_COMPILER_APPICON_NAME = AppIcon;
				ASSETCATALOG_COMPILER_GLOBAL_ACCENT_COLOR_NAME = AccentColor;
				CODE_SIGN_STYLE = Automatic;
				CURRENT_PROJECT_VERSION = 1;
				DEVELOPMENT_TEAM = RXS4HM3L7Q;
				GENERATE_INFOPLIST_FILE = YES;
				INFOPLIST_FILE = food4allapp/Info.plist;
				INFOPLIST_KEY_UIApplicationSupportsIndirectInputEvents = YES;
				INFOPLIST_KEY_UILaunchStoryboardName = LaunchScreen;
				INFOPLIST_KEY_UIMainStoryboardFile = Main;
				INFOPLIST_KEY_UISupportedInterfaceOrientations_iPad = "UIInterfaceOrientationPortrait UIInterfaceOrientationPortraitUpsideDown UIInterfaceOrientationLandscapeLeft UIInterfaceOrientationLandscapeRight";
				INFOPLIST_KEY_UISupportedInterfaceOrientations_iPhone = "UIInterfaceOrientationPortrait UIInterfaceOrientationLandscapeLeft UIInterfaceOrientationLandscapeRight";
				LD_RUNPATH_SEARCH_PATHS = (
					"$(inherited)",
					"@executable_path/Frameworks",
				);
				MARKETING_VERSION = 1.0;
				PRODUCT_BUNDLE_IDENTIFIER = food4all.food4allapp;
				PRODUCT_NAME = "$(TARGET_NAME)";
				SWIFT_EMIT_LOC_STRINGS = YES;
				SWIFT_VERSION = 5.0;
				TARGETED_DEVICE_FAMILY = "1,2";
			};
			name = Release;
		};
		ED91DFFD28E06662008292B8 /* Debug */ = {
			isa = XCBuildConfiguration;
			buildSettings = {
				ALWAYS_EMBED_SWIFT_STANDARD_LIBRARIES = YES;
				BUNDLE_LOADER = "$(TEST_HOST)";
				CODE_SIGN_STYLE = Automatic;
				CURRENT_PROJECT_VERSION = 1;
				DEVELOPMENT_TEAM = RXS4HM3L7Q;
				GENERATE_INFOPLIST_FILE = YES;
				IPHONEOS_DEPLOYMENT_TARGET = 16.0;
				MARKETING_VERSION = 1.0;
				PRODUCT_BUNDLE_IDENTIFIER = food4all.food4allappTests;
				PRODUCT_NAME = "$(TARGET_NAME)";
				SWIFT_EMIT_LOC_STRINGS = NO;
				SWIFT_VERSION = 5.0;
				TARGETED_DEVICE_FAMILY = "1,2";
				TEST_HOST = "$(BUILT_PRODUCTS_DIR)/food4allapp.app/$(BUNDLE_EXECUTABLE_FOLDER_PATH)/food4allapp";
			};
			name = Debug;
		};
		ED91DFFE28E06662008292B8 /* Release */ = {
			isa = XCBuildConfiguration;
			buildSettings = {
				ALWAYS_EMBED_SWIFT_STANDARD_LIBRARIES = YES;
				BUNDLE_LOADER = "$(TEST_HOST)";
				CODE_SIGN_STYLE = Automatic;
				CURRENT_PROJECT_VERSION = 1;
				DEVELOPMENT_TEAM = RXS4HM3L7Q;
				GENERATE_INFOPLIST_FILE = YES;
				IPHONEOS_DEPLOYMENT_TARGET = 16.0;
				MARKETING_VERSION = 1.0;
				PRODUCT_BUNDLE_IDENTIFIER = food4all.food4allappTests;
				PRODUCT_NAME = "$(TARGET_NAME)";
				SWIFT_EMIT_LOC_STRINGS = NO;
				SWIFT_VERSION = 5.0;
				TARGETED_DEVICE_FAMILY = "1,2";
				TEST_HOST = "$(BUILT_PRODUCTS_DIR)/food4allapp.app/$(BUNDLE_EXECUTABLE_FOLDER_PATH)/food4allapp";
			};
			name = Release;
		};
		ED91E00028E06662008292B8 /* Debug */ = {
			isa = XCBuildConfiguration;
			buildSettings = {
				ALWAYS_EMBED_SWIFT_STANDARD_LIBRARIES = YES;
				CODE_SIGN_STYLE = Automatic;
				CURRENT_PROJECT_VERSION = 1;
				DEVELOPMENT_TEAM = RXS4HM3L7Q;
				GENERATE_INFOPLIST_FILE = YES;
				MARKETING_VERSION = 1.0;
				PRODUCT_BUNDLE_IDENTIFIER = food4all.food4allappUITests;
				PRODUCT_NAME = "$(TARGET_NAME)";
				SWIFT_EMIT_LOC_STRINGS = NO;
				SWIFT_VERSION = 5.0;
				TARGETED_DEVICE_FAMILY = "1,2";
				TEST_TARGET_NAME = food4allapp;
			};
			name = Debug;
		};
		ED91E00128E06662008292B8 /* Release */ = {
			isa = XCBuildConfiguration;
			buildSettings = {
				ALWAYS_EMBED_SWIFT_STANDARD_LIBRARIES = YES;
				CODE_SIGN_STYLE = Automatic;
				CURRENT_PROJECT_VERSION = 1;
				DEVELOPMENT_TEAM = RXS4HM3L7Q;
				GENERATE_INFOPLIST_FILE = YES;
				MARKETING_VERSION = 1.0;
				PRODUCT_BUNDLE_IDENTIFIER = food4all.food4allappUITests;
				PRODUCT_NAME = "$(TARGET_NAME)";
				SWIFT_EMIT_LOC_STRINGS = NO;
				SWIFT_VERSION = 5.0;
				TARGETED_DEVICE_FAMILY = "1,2";
				TEST_TARGET_NAME = food4allapp;
			};
			name = Release;
		};
/* End XCBuildConfiguration section */

/* Begin XCConfigurationList section */
		ED91DFCA28E06660008292B8 /* Build configuration list for PBXProject "food4allapp" */ = {
			isa = XCConfigurationList;
			buildConfigurations = (
				ED91DFF728E06662008292B8 /* Debug */,
				ED91DFF828E06662008292B8 /* Release */,
			);
			defaultConfigurationIsVisible = 0;
			defaultConfigurationName = Release;
		};
		ED91DFF928E06662008292B8 /* Build configuration list for PBXNativeTarget "food4allapp" */ = {
			isa = XCConfigurationList;
			buildConfigurations = (
				ED91DFFA28E06662008292B8 /* Debug */,
				ED91DFFB28E06662008292B8 /* Release */,
			);
			defaultConfigurationIsVisible = 0;
			defaultConfigurationName = Release;
		};
		ED91DFFC28E06662008292B8 /* Build configuration list for PBXNativeTarget "food4allappTests" */ = {
			isa = XCConfigurationList;
			buildConfigurations = (
				ED91DFFD28E06662008292B8 /* Debug */,
				ED91DFFE28E06662008292B8 /* Release */,
			);
			defaultConfigurationIsVisible = 0;
			defaultConfigurationName = Release;
		};
		ED91DFFF28E06662008292B8 /* Build configuration list for PBXNativeTarget "food4allappUITests" */ = {
			isa = XCConfigurationList;
			buildConfigurations = (
				ED91E00028E06662008292B8 /* Debug */,
				ED91E00128E06662008292B8 /* Release */,
			);
			defaultConfigurationIsVisible = 0;
			defaultConfigurationName = Release;
		};
/* End XCConfigurationList section */
	};
	rootObject = ED91DFC728E06660008292B8 /* Project object */;
}
